{
  "nodes": {
    "nixpkgs": {
      "locked": {
        "lastModified": 1769485472,
        "narHash": "sha256-bNBfHclXIW/YIPpGyjSiKPLtdf62pbr5ncIsxzmUnUc=",
        "owner": "nixos",
        "repo": "nixpkgs",
        "rev": "ad55b9883c4fb1c357c3e4cb117aca7b4742826e",
        "type": "github"
      },
      "original": {
        "owner": "nixos",
        "repo": "nixpkgs",
        "type": "github"
      }
    },
    "root": {
      "inputs": {
        "nixpkgs": "nixpkgs"
      }
    }
  },
  "root": "root",
  "version": 7
}
