{
  "nodes": {
    "nixpkgs": {
      "locked": {
        "lastModified": 1733802029,
        "narHash": "sha256-O55L5W6Vs0V/6D5YG8yzEFDJWMfCaaFC1vf/njLhJ/8=",
        "owner": "nixos",
        "repo": "nixpkgs",
        "rev": "8ba56520bbe36818d47ab3da5ce4a3ba5d0ea643",
        "type": "github"
      },
      "original": {
        "owner": "nixos",
        "repo": "nixpkgs",
        "type": "github"
      }
    },
    "root": {
      "inputs": {
        "nixpkgs": "nixpkgs"
      }
    }
  },
  "root": "root",
  "version": 7
}
