{
  "nodes": {
    "nixpkgs": {
      "locked": {
        "lastModified": 1758164840,
        "narHash": "sha256-FQ/U7v5wKO1WAfdd7K51EKfdopBkmbGe1AZVGBa06e0=",
        "owner": "nixos",
        "repo": "nixpkgs",
        "rev": "19b055b1d11bc262a6a82248257e7707f78b31e5",
        "type": "github"
      },
      "original": {
        "owner": "nixos",
        "repo": "nixpkgs",
        "type": "github"
      }
    },
    "root": {
      "inputs": {
        "nixpkgs": "nixpkgs"
      }
    }
  },
  "root": "root",
  "version": 7
}
