{
  "nodes": {
    "nixpkgs": {
      "locked": {
        "lastModified": 1746243323,
        "narHash": "sha256-XK1EDh9nI2rokg8Hb840Z8h10ooNEp/Q4GnEa83drMA=",
        "owner": "nixos",
        "repo": "nixpkgs",
        "rev": "e818f3c4b301b48e8f212a2ad67d00aa9f991093",
        "type": "github"
      },
      "original": {
        "owner": "nixos",
        "repo": "nixpkgs",
        "type": "github"
      }
    },
    "root": {
      "inputs": {
        "nixpkgs": "nixpkgs"
      }
    }
  },
  "root": "root",
  "version": 7
}
