{
  "nodes": {
    "nixpkgs": {
      "locked": {
        "lastModified": 1787370269,
        "narHash": "sha256-jgaDAvAjmweGC24oAxMKO3Wb/yZAqRUhvHJyCRxyzV4=",
        "owner": "nixos",
        "repo": "nixpkgs",
        "rev": "a9f88d6076472b4f8106de21930cc2270a65cfd2",
        "type": "github"
      },
      "original": {
        "owner": "nixos",
        "repo": "nixpkgs",
        "type": "github"
      }
    },
    "root": {
      "inputs": {
        "nixpkgs": "nixpkgs"
      }
    }
  },
  "root": "root",
  "version": 7
}
