{
  "nodes": {
    "nixpkgs": {
      "locked": {
        "lastModified": 1758597290,
        "narHash": "sha256-k8k268GP2UP4j+Kpskc4Zc/dYmIT/jis8eNEB2b7Blw=",
        "owner": "nixos",
        "repo": "nixpkgs",
        "rev": "bd8736b95b1a9170a7dcfd1c39e6bb3348f9c357",
        "type": "github"
      },
      "original": {
        "owner": "nixos",
        "repo": "nixpkgs",
        "type": "github"
      }
    },
    "root": {
      "inputs": {
        "nixpkgs": "nixpkgs"
      }
    }
  },
  "root": "root",
  "version": 7
}
