{
  "nodes": {
    "nixpkgs": {
      "locked": {
        "lastModified": 1671505948,
        "narHash": "sha256-fXRAPJ724t1+WI0lNaRw1CGpCOHSirhT6k+om0qGSFc=",
        "owner": "nixos",
        "repo": "nixpkgs",
        "rev": "13e43fc0bc527373f50cbf9fb802c0da7d56ab81",
        "type": "github"
      },
      "original": {
        "owner": "nixos",
        "repo": "nixpkgs",
        "type": "github"
      }
    },
    "root": {
      "inputs": {
        "nixpkgs": "nixpkgs"
      }
    }
  },
  "root": "root",
  "version": 7
}
