{
  "nodes": {
    "nixpkgs": {
      "locked": {
        "lastModified": 1676863417,
        "narHash": "sha256-IgZAGosgvG5TLHR8z34Jp1q1wIrnzGY89/FS92BSJjc=",
        "owner": "nixos",
        "repo": "nixpkgs",
        "rev": "8545b2b098933a331f9c08d1c62c08af33b74fae",
        "type": "github"
      },
      "original": {
        "owner": "nixos",
        "repo": "nixpkgs",
        "type": "github"
      }
    },
    "root": {
      "inputs": {
        "nixpkgs": "nixpkgs"
      }
    }
  },
  "root": "root",
  "version": 7
}
